<?xml version="1.0" encoding="utf-8"?>
<Project ToolsVersion="4.0" xmlns="http://schemas.microsoft.com/developer/msbuild/2003">
  <ItemGroup>
    <Filter Include="Source Files">
      <UniqueIdentifier>{4FC737F1-C7A5-4376-A066-2A32D752A2FF}</UniqueIdentifier>
      <Extensions>cpp;c;cc;cxx;c++;cppm;ixx;def;odl;idl;hpj;bat;asm;asmx</Extensions>
    </Filter>
    <Filter Include="Header Files">
      <UniqueIdentifier>{93995380-89BD-4b04-88EB-625FBE52EBFB}</UniqueIdentifier>
      <Extensions>h;hh;hpp;hxx;h++;hm;inl;inc;ipp;xsd</Extensions>
    </Filter>
    <Filter Include="Resource Files">
      <UniqueIdentifier>{67DA6AB6-F800-4c08-8B7A-83BB121AAD01}</UniqueIdentifier>
      <Extensions>rc;ico;cur;bmp;dlg;rc2;rct;bin;rgs;gif;jpg;jpeg;jpe;resx;tiff;tif;png;wav;mfcribbon-ms</Extensions>
    </Filter>
    <Filter Include="Header Files\Core">
      <UniqueIdentifier>{32ff7fe2-470b-462c-b4f2-0b8cfd47569d}</UniqueIdentifier>
    </Filter>
    <Filter Include="Header Files\Core\Graphics">
      <UniqueIdentifier>{8ac3f8f3-25c1-4f86-9046-bc66823f93a1}</UniqueIdentifier>
    </Filter>
    <Filter Include="Source Files\Core">
      <UniqueIdentifier>{ca9ab576-73e6-42ea-9c83-069541ef2523}</UniqueIdentifier>
    </Filter>
    <Filter Include="Source Files\Core\Graphics">
      <UniqueIdentifier>{13df016d-9c1a-45e4-837f-85be8d36f68c}</UniqueIdentifier>
    </Filter>
  </ItemGroup>
  <ItemGroup>
    <ClCompile Include="src\core\Renderer\Renderer.cpp">
      <Filter>Source Files\Core\Graphics</Filter>
    </ClCompile>
    <ClCompile Include="src\core\Asset\Asset.cpp">
      <Filter>Source Files\Core</Filter>
    </ClCompile>
    <ClCompile Include="src\core\AssetController\AssetController.cpp">
      <Filter>Source Files\Core</Filter>
    </ClCompile>
    <ClCompile Include="src\core\FileController\FileController.cpp">
      <Filter>Source Files\Core</Filter>
    </ClCompile>
    <ClCompile Include="src\core\Asset\Level\Level.cpp">
      <Filter>Source Files\Core</Filter>
    </ClCompile>
    <ClCompile Include="src\core\Resource\Resource.cpp">
      <Filter>Source Files\Core</Filter>
    </ClCompile>
    <ClCompile Include="src\core\StackAllocator\StackAllocator.cpp">
      <Filter>Source Files\Core</Filter>
    </ClCompile>
    <ClCompile Include="GameController\GameController.cpp">
      <Filter>Source Files</Filter>
    </ClCompile>
    <ClCompile Include="GameEngine.cpp">
      <Filter>Source Files</Filter>
    </ClCompile>
    <ClCompile Include="Game\Texture\Texture.cpp">
      <Filter>Source Files\Core\Graphics</Filter>
    </ClCompile>
    <ClCompile Include="Game\TGAReader\TGAReader.cpp">
      <Filter>Source Files\Core\Graphics</Filter>
    </ClCompile>
    <ClCompile Include="src\core\Graphics\SpriteAnim\SpriteAnim.cpp">
      <Filter>Source Files</Filter>
    </ClCompile>
    <ClCompile Include="Game\SpriteSheet\SpriteSheet.cpp">
      <Filter>Source Files</Filter>
    </ClCompile>
    <ClCompile Include="src\core\Graphics\Fonts\TTFont.cpp">
      <Filter>Source Files</Filter>
    </ClCompile>
    <ClCompile Include="src\core\Timing\Timing.cpp">
      <Filter>Source Files</Filter>
    </ClCompile>
    <ClCompile Include="src\core\Renderer\RenderTarget.cpp">
      <Filter>Source Files</Filter>
    </ClCompile>
    <ClCompile Include="src\core\Input\Keyboard\Keyboard.cpp">
      <Filter>Source Files</Filter>
    </ClCompile>
    <ClCompile Include="src\core\Input\InputController\InputController.cpp">
      <Filter>Source Files</Filter>
    </ClCompile>
    <ClCompile Include="src\core\Input\Mouse\Mouse.cpp">
      <Filter>Source Files</Filter>
    </ClCompile>
    <ClCompile Include="src\core\Input\Controller\Controller.cpp">
      <Filter>Source Files</Filter>
    </ClCompile>
    <ClCompile Include="src\core\Sound\SoundEffect\SoundEffect.cpp">
      <Filter>Source Files</Filter>
    </ClCompile>
    <ClCompile Include="src\core\Sound\SoundEffect\song.cpp">
      <Filter>Source Files</Filter>
    </ClCompile>
    <ClCompile Include="src\core\Sound\AudioController\AudioController.cpp">
      <Filter>Source Files</Filter>
    </ClCompile>
    <ClCompile Include="src\core\Sound\WavDraw.cpp">
      <Filter>Source Files</Filter>
    </ClCompile>
    <ClCompile Include="src\core\Physics\RigidBody\RigidBody.cpp">
      <Filter>Source Files</Filter>
    </ClCompile>
    <ClCompile Include="src\core\Physics\Particle\Particle.cpp">
      <Filter>Source Files</Filter>
    </ClCompile>
    <ClCompile Include="src\core\Physics\PhysicsController.cpp">
      <Filter>Source Files</Filter>
    </ClCompile>
    <ClCompile Include="src\core\Asset\Heroine\HeroineState\HeroineState.cpp">
      <Filter>Source Files</Filter>
    </ClCompile>
    <ClCompile Include="src\core\Asset\Heroine\Heroine.cpp">
      <Filter>Source Files</Filter>
    </ClCompile>
  </ItemGroup>
  <ItemGroup>
    <ClInclude Include="src\core\Renderer\Renderer.h">
      <Filter>Header Files\Core\Graphics</Filter>
    </ClInclude>
    <ClInclude Include="src\core\Asset\Asset.h">
      <Filter>Header Files\Core</Filter>
    </ClInclude>
    <ClInclude Include="src\core\AssetController\AssetController.h">
      <Filter>Header Files\Core</Filter>
    </ClInclude>
    <ClInclude Include="src\core\FileController\FileController.h">
      <Filter>Header Files\Core</Filter>
    </ClInclude>
    <ClInclude Include="src\core\Asset\Level\Level.h">
      <Filter>Header Files\Core</Filter>
    </ClInclude>
    <ClInclude Include="src\core\ObjectPool\ObjectPool.h">
      <Filter>Header Files\Core</Filter>
    </ClInclude>
    <ClInclude Include="src\core\Resource\Resource.h">
      <Filter>Header Files\Core</Filter>
    </ClInclude>
    <ClInclude Include="src\core\Serializable\Serializable.h">
      <Filter>Header Files\Core</Filter>
    </ClInclude>
    <ClInclude Include="src\core\Singleton\Singleton.h">
      <Filter>Header Files\Core</Filter>
    </ClInclude>
    <ClInclude Include="src\core\StackAllocator\StackAllocator.h">
      <Filter>Header Files\Core</Filter>
    </ClInclude>
    <ClInclude Include="src\StandardIncludes.h">
      <Filter>Header Files\Core</Filter>
    </ClInclude>
    <ClInclude Include="GameController\GameController.h">
      <Filter>Header Files</Filter>
    </ClInclude>
    <ClInclude Include="Game\Texture\Texture.h">
      <Filter>Header Files\Core\Graphics</Filter>
    </ClInclude>
    <ClInclude Include="Game\TGAReader\TGAReader.h">
      <Filter>Header Files\Core\Graphics</Filter>
    </ClInclude>
    <ClInclude Include="src\core\Graphics\BasicStructs.h">
      <Filter>Header Files</Filter>
    </ClInclude>
    <ClInclude Include="src\core\Graphics\SpriteAnim\SpriteAnim.h">
      <Filter>Header Files</Filter>
    </ClInclude>
    <ClInclude Include="Game\SpriteSheet\SpriteSheet.h">
      <Filter>Header Files</Filter>
    </ClInclude>
    <ClInclude Include="src\core\Graphics\Fonts\TTFont.h">
      <Filter>Header Files</Filter>
    </ClInclude>
    <ClInclude Include="src\core\Timing\Timing.h">
      <Filter>Header Files</Filter>
    </ClInclude>
    <ClInclude Include="src\core\Renderer\RenderTarget.h">
      <Filter>Header Files</Filter>
    </ClInclude>
    <ClInclude Include="src\core\Input\Keyboard\Keyboard.h">
      <Filter>Header Files</Filter>
    </ClInclude>
    <ClInclude Include="src\core\Input\InputController\InputController.h">
      <Filter>Header Files</Filter>
    </ClInclude>
    <ClInclude Include="src\core\Input\Mouse\Mouse.h">
      <Filter>Header Files</Filter>
    </ClInclude>
    <ClInclude Include="src\core\Input\Controller\Controller.h">
      <Filter>Header Files</Filter>
    </ClInclude>
    <ClInclude Include="src\core\Sound\SoundEffect\SoundEffect.h">
      <Filter>Header Files</Filter>
    </ClInclude>
    <ClInclude Include="src\core\Sound\SoundEffect\song.h">
      <Filter>Header Files</Filter>
    </ClInclude>
    <ClInclude Include="src\core\Sound\AudioController\AudioController.h">
      <Filter>Header Files</Filter>
    </ClInclude>
    <ClInclude Include="src\core\Sound\WavDraw.h">
      <Filter>Header Files</Filter>
    </ClInclude>
    <ClInclude Include="src\core\Physics\RigidBody\RigidBody.h">
      <Filter>Header Files</Filter>
    </ClInclude>
    <ClInclude Include="src\core\Physics\Particle\Particle.h">
      <Filter>Header Files</Filter>
    </ClInclude>
    <ClInclude Include="src\core\Physics\PhysicsController.h">
      <Filter>Header Files</Filter>
    </ClInclude>
    <ClInclude Include="src\core\Asset\Heroine\HeroineState\HeroineState.h">
      <Filter>Header Files</Filter>
    </ClInclude>
    <ClInclude Include="src\core\Asset\Heroine\Heroine.h">
      <Filter>Header Files</Filter>
    </ClInclude>
  </ItemGroup>
</Project>